
Microsoft Visual Studio Solution File, Format Version 12.00
# Visual Studio Version 17
VisualStudioVersion = 17.5.33103.201
MinimumVisualStudioVersion = 10.0.40219.1
Project("{9A19103F-16F7-4668-BE54-9A1E7A4F7556}") = "MyManagedWidgetDemo", "MyManagedWidgetDemo\MyManagedWidgetDemo.csproj", "{4D17583A-FA91-426D-81B3-7242B40672D3}"
EndProject
Project("{9A19103F-16F7-4668-BE54-9A1E7A4F7556}") = "WidgetHelpers", "WidgetHelpers\WidgetHelpers.csproj", "{8A15170F-C911-47FA-BD1F-A86E57EBB1AD}"
EndProject
Project("{9A19103F-16F7-4668-BE54-9A1E7A4F7556}") = "COMHelpers", "COMHelpers\COMHelpers.csproj", "{4F4D0166-2B00-4526-99FD-CB11406A6FF6}"
EndProject
Project("{FAE04EC0-301F-11D3-BF4B-00C04F79EFBC}") = "MyUWPApp", "MyUWPApp\MyUWPApp.csproj", "{89DC6628-E770-4E8F-B2AC-A0313ADD1742}"
EndProject
Project("{9A19103F-16F7-4668-BE54-9A1E7A4F7556}") = "MyUWPWidget", "MyUWPWidget\MyUWPWidget.csproj", "{636E8D24-582D-4687-B5FE-EB13B08CA83D}"
EndProject
Project("{C7167F0D-BC9F-4E6E-AFE1-012C56B48DB5}") = "MyUWPPackaging", "MyUWPPackaging\MyUWPPackaging.wapproj", "{6C33A484-CCEA-4E16-9114-024B5314CC48}"
EndProject
Global
	GlobalSection(SolutionConfigurationPlatforms) = preSolution
		Debug|Any CPU = Debug|Any CPU
		Debug|ARM = Debug|ARM
		Debug|arm64 = Debug|arm64
		Debug|x64 = Debug|x64
		Debug|x86 = Debug|x86
		Release|Any CPU = Release|Any CPU
		Release|ARM = Release|ARM
		Release|arm64 = Release|arm64
		Release|x64 = Release|x64
		Release|x86 = Release|x86
	EndGlobalSection
	GlobalSection(ProjectConfigurationPlatforms) = postSolution
		{4D17583A-FA91-426D-81B3-7242B40672D3}.Debug|Any CPU.ActiveCfg = Debug|x64
		{4D17583A-FA91-426D-81B3-7242B40672D3}.Debug|Any CPU.Build.0 = Debug|x64
		{4D17583A-FA91-426D-81B3-7242B40672D3}.Debug|Any CPU.Deploy.0 = Debug|x64
		{4D17583A-FA91-426D-81B3-7242B40672D3}.Debug|ARM.ActiveCfg = Debug|x64
		{4D17583A-FA91-426D-81B3-7242B40672D3}.Debug|ARM.Build.0 = Debug|x64
		{4D17583A-FA91-426D-81B3-7242B40672D3}.Debug|ARM.Deploy.0 = Debug|x64
		{4D17583A-FA91-426D-81B3-7242B40672D3}.Debug|arm64.ActiveCfg = Debug|arm64
		{4D17583A-FA91-426D-81B3-7242B40672D3}.Debug|arm64.Build.0 = Debug|arm64
		{4D17583A-FA91-426D-81B3-7242B40672D3}.Debug|arm64.Deploy.0 = Debug|arm64
		{4D17583A-FA91-426D-81B3-7242B40672D3}.Debug|x64.ActiveCfg = Debug|x64
		{4D17583A-FA91-426D-81B3-7242B40672D3}.Debug|x64.Build.0 = Debug|x64
		{4D17583A-FA91-426D-81B3-7242B40672D3}.Debug|x64.Deploy.0 = Debug|x64
		{4D17583A-FA91-426D-81B3-7242B40672D3}.Debug|x86.ActiveCfg = Debug|x86
		{4D17583A-FA91-426D-81B3-7242B40672D3}.Debug|x86.Build.0 = Debug|x86
		{4D17583A-FA91-426D-81B3-7242B40672D3}.Debug|x86.Deploy.0 = Debug|x86
		{4D17583A-FA91-426D-81B3-7242B40672D3}.Release|Any CPU.ActiveCfg = Release|x64
		{4D17583A-FA91-426D-81B3-7242B40672D3}.Release|Any CPU.Build.0 = Release|x64
		{4D17583A-FA91-426D-81B3-7242B40672D3}.Release|Any CPU.Deploy.0 = Release|x64
		{4D17583A-FA91-426D-81B3-7242B40672D3}.Release|ARM.ActiveCfg = Release|x64
		{4D17583A-FA91-426D-81B3-7242B40672D3}.Release|ARM.Build.0 = Release|x64
		{4D17583A-FA91-426D-81B3-7242B40672D3}.Release|ARM.Deploy.0 = Release|x64
		{4D17583A-FA91-426D-81B3-7242B40672D3}.Release|arm64.ActiveCfg = Release|arm64
		{4D17583A-FA91-426D-81B3-7242B40672D3}.Release|arm64.Build.0 = Release|arm64
		{4D17583A-FA91-426D-81B3-7242B40672D3}.Release|arm64.Deploy.0 = Release|arm64
		{4D17583A-FA91-426D-81B3-7242B40672D3}.Release|x64.ActiveCfg = Release|x64
		{4D17583A-FA91-426D-81B3-7242B40672D3}.Release|x64.Build.0 = Release|x64
		{4D17583A-FA91-426D-81B3-7242B40672D3}.Release|x64.Deploy.0 = Release|x64
		{4D17583A-FA91-426D-81B3-7242B40672D3}.Release|x86.ActiveCfg = Release|x86
		{4D17583A-FA91-426D-81B3-7242B40672D3}.Release|x86.Build.0 = Release|x86
		{4D17583A-FA91-426D-81B3-7242B40672D3}.Release|x86.Deploy.0 = Release|x86
		{8A15170F-C911-47FA-BD1F-A86E57EBB1AD}.Debug|Any CPU.ActiveCfg = Debug|Any CPU
		{8A15170F-C911-47FA-BD1F-A86E57EBB1AD}.Debug|Any CPU.Build.0 = Debug|Any CPU
		{8A15170F-C911-47FA-BD1F-A86E57EBB1AD}.Debug|ARM.ActiveCfg = Debug|Any CPU
		{8A15170F-C911-47FA-BD1F-A86E57EBB1AD}.Debug|ARM.Build.0 = Debug|Any CPU
		{8A15170F-C911-47FA-BD1F-A86E57EBB1AD}.Debug|arm64.ActiveCfg = Debug|Any CPU
		{8A15170F-C911-47FA-BD1F-A86E57EBB1AD}.Debug|arm64.Build.0 = Debug|Any CPU
		{8A15170F-C911-47FA-BD1F-A86E57EBB1AD}.Debug|x64.ActiveCfg = Debug|Any CPU
		{8A15170F-C911-47FA-BD1F-A86E57EBB1AD}.Debug|x64.Build.0 = Debug|Any CPU
		{8A15170F-C911-47FA-BD1F-A86E57EBB1AD}.Debug|x86.ActiveCfg = Debug|Any CPU
		{8A15170F-C911-47FA-BD1F-A86E57EBB1AD}.Debug|x86.Build.0 = Debug|Any CPU
		{8A15170F-C911-47FA-BD1F-A86E57EBB1AD}.Release|Any CPU.ActiveCfg = Release|Any CPU
		{8A15170F-C911-47FA-BD1F-A86E57EBB1AD}.Release|Any CPU.Build.0 = Release|Any CPU
		{8A15170F-C911-47FA-BD1F-A86E57EBB1AD}.Release|ARM.ActiveCfg = Release|Any CPU
		{8A15170F-C911-47FA-BD1F-A86E57EBB1AD}.Release|ARM.Build.0 = Release|Any CPU
		{8A15170F-C911-47FA-BD1F-A86E57EBB1AD}.Release|arm64.ActiveCfg = Release|Any CPU
		{8A15170F-C911-47FA-BD1F-A86E57EBB1AD}.Release|arm64.Build.0 = Release|Any CPU
		{8A15170F-C911-47FA-BD1F-A86E57EBB1AD}.Release|x64.ActiveCfg = Release|Any CPU
		{8A15170F-C911-47FA-BD1F-A86E57EBB1AD}.Release|x64.Build.0 = Release|Any CPU
		{8A15170F-C911-47FA-BD1F-A86E57EBB1AD}.Release|x86.ActiveCfg = Release|Any CPU
		{8A15170F-C911-47FA-BD1F-A86E57EBB1AD}.Release|x86.Build.0 = Release|Any CPU
		{4F4D0166-2B00-4526-99FD-CB11406A6FF6}.Debug|Any CPU.ActiveCfg = Debug|Any CPU
		{4F4D0166-2B00-4526-99FD-CB11406A6FF6}.Debug|Any CPU.Build.0 = Debug|Any CPU
		{4F4D0166-2B00-4526-99FD-CB11406A6FF6}.Debug|ARM.ActiveCfg = Debug|Any CPU
		{4F4D0166-2B00-4526-99FD-CB11406A6FF6}.Debug|ARM.Build.0 = Debug|Any CPU
		{4F4D0166-2B00-4526-99FD-CB11406A6FF6}.Debug|arm64.ActiveCfg = Debug|Any CPU
		{4F4D0166-2B00-4526-99FD-CB11406A6FF6}.Debug|arm64.Build.0 = Debug|Any CPU
		{4F4D0166-2B00-4526-99FD-CB11406A6FF6}.Debug|x64.ActiveCfg = Debug|Any CPU
		{4F4D0166-2B00-4526-99FD-CB11406A6FF6}.Debug|x64.Build.0 = Debug|Any CPU
		{4F4D0166-2B00-4526-99FD-CB11406A6FF6}.Debug|x86.ActiveCfg = Debug|Any CPU
		{4F4D0166-2B00-4526-99FD-CB11406A6FF6}.Debug|x86.Build.0 = Debug|Any CPU
		{4F4D0166-2B00-4526-99FD-CB11406A6FF6}.Release|Any CPU.ActiveCfg = Release|Any CPU
		{4F4D0166-2B00-4526-99FD-CB11406A6FF6}.Release|Any CPU.Build.0 = Release|Any CPU
		{4F4D0166-2B00-4526-99FD-CB11406A6FF6}.Release|ARM.ActiveCfg = Release|Any CPU
		{4F4D0166-2B00-4526-99FD-CB11406A6FF6}.Release|ARM.Build.0 = Release|Any CPU
		{4F4D0166-2B00-4526-99FD-CB11406A6FF6}.Release|arm64.ActiveCfg = Release|Any CPU
		{4F4D0166-2B00-4526-99FD-CB11406A6FF6}.Release|arm64.Build.0 = Release|Any CPU
		{4F4D0166-2B00-4526-99FD-CB11406A6FF6}.Release|x64.ActiveCfg = Release|Any CPU
		{4F4D0166-2B00-4526-99FD-CB11406A6FF6}.Release|x64.Build.0 = Release|Any CPU
		{4F4D0166-2B00-4526-99FD-CB11406A6FF6}.Release|x86.ActiveCfg = Release|Any CPU
		{4F4D0166-2B00-4526-99FD-CB11406A6FF6}.Release|x86.Build.0 = Release|Any CPU
		{89DC6628-E770-4E8F-B2AC-A0313ADD1742}.Debug|Any CPU.ActiveCfg = Debug|x64
		{89DC6628-E770-4E8F-B2AC-A0313ADD1742}.Debug|Any CPU.Build.0 = Debug|x64
		{89DC6628-E770-4E8F-B2AC-A0313ADD1742}.Debug|Any CPU.Deploy.0 = Debug|x64
		{89DC6628-E770-4E8F-B2AC-A0313ADD1742}.Debug|ARM.ActiveCfg = Debug|ARM
		{89DC6628-E770-4E8F-B2AC-A0313ADD1742}.Debug|ARM.Build.0 = Debug|ARM
		{89DC6628-E770-4E8F-B2AC-A0313ADD1742}.Debug|ARM.Deploy.0 = Debug|ARM
		{89DC6628-E770-4E8F-B2AC-A0313ADD1742}.Debug|arm64.ActiveCfg = Debug|ARM64
		{89DC6628-E770-4E8F-B2AC-A0313ADD1742}.Debug|arm64.Build.0 = Debug|ARM64
		{89DC6628-E770-4E8F-B2AC-A0313ADD1742}.Debug|arm64.Deploy.0 = Debug|ARM64
		{89DC6628-E770-4E8F-B2AC-A0313ADD1742}.Debug|x64.ActiveCfg = Debug|x64
		{89DC6628-E770-4E8F-B2AC-A0313ADD1742}.Debug|x64.Build.0 = Debug|x64
		{89DC6628-E770-4E8F-B2AC-A0313ADD1742}.Debug|x64.Deploy.0 = Debug|x64
		{89DC6628-E770-4E8F-B2AC-A0313ADD1742}.Debug|x86.ActiveCfg = Debug|x86
		{89DC6628-E770-4E8F-B2AC-A0313ADD1742}.Debug|x86.Build.0 = Debug|x86
		{89DC6628-E770-4E8F-B2AC-A0313ADD1742}.Debug|x86.Deploy.0 = Debug|x86
		{89DC6628-E770-4E8F-B2AC-A0313ADD1742}.Release|Any CPU.ActiveCfg = Release|x64
		{89DC6628-E770-4E8F-B2AC-A0313ADD1742}.Release|Any CPU.Build.0 = Release|x64
		{89DC6628-E770-4E8F-B2AC-A0313ADD1742}.Release|Any CPU.Deploy.0 = Release|x64
		{89DC6628-E770-4E8F-B2AC-A0313ADD1742}.Release|ARM.ActiveCfg = Release|ARM
		{89DC6628-E770-4E8F-B2AC-A0313ADD1742}.Release|ARM.Build.0 = Release|ARM
		{89DC6628-E770-4E8F-B2AC-A0313ADD1742}.Release|ARM.Deploy.0 = Release|ARM
		{89DC6628-E770-4E8F-B2AC-A0313ADD1742}.Release|arm64.ActiveCfg = Release|ARM64
		{89DC6628-E770-4E8F-B2AC-A0313ADD1742}.Release|arm64.Build.0 = Release|ARM64
		{89DC6628-E770-4E8F-B2AC-A0313ADD1742}.Release|arm64.Deploy.0 = Release|ARM64
		{89DC6628-E770-4E8F-B2AC-A0313ADD1742}.Release|x64.ActiveCfg = Release|x64
		{89DC6628-E770-4E8F-B2AC-A0313ADD1742}.Release|x64.Build.0 = Release|x64
		{89DC6628-E770-4E8F-B2AC-A0313ADD1742}.Release|x64.Deploy.0 = Release|x64
		{89DC6628-E770-4E8F-B2AC-A0313ADD1742}.Release|x86.ActiveCfg = Release|x86
		{89DC6628-E770-4E8F-B2AC-A0313ADD1742}.Release|x86.Build.0 = Release|x86
		{89DC6628-E770-4E8F-B2AC-A0313ADD1742}.Release|x86.Deploy.0 = Release|x86
		{636E8D24-582D-4687-B5FE-EB13B08CA83D}.Debug|Any CPU.ActiveCfg = Debug|Any CPU
		{636E8D24-582D-4687-B5FE-EB13B08CA83D}.Debug|Any CPU.Build.0 = Debug|Any CPU
		{636E8D24-582D-4687-B5FE-EB13B08CA83D}.Debug|ARM.ActiveCfg = Debug|Any CPU
		{636E8D24-582D-4687-B5FE-EB13B08CA83D}.Debug|ARM.Build.0 = Debug|Any CPU
		{636E8D24-582D-4687-B5FE-EB13B08CA83D}.Debug|arm64.ActiveCfg = Debug|Any CPU
		{636E8D24-582D-4687-B5FE-EB13B08CA83D}.Debug|arm64.Build.0 = Debug|Any CPU
		{636E8D24-582D-4687-B5FE-EB13B08CA83D}.Debug|x64.ActiveCfg = Debug|Any CPU
		{636E8D24-582D-4687-B5FE-EB13B08CA83D}.Debug|x64.Build.0 = Debug|Any CPU
		{636E8D24-582D-4687-B5FE-EB13B08CA83D}.Debug|x86.ActiveCfg = Debug|x86
		{636E8D24-582D-4687-B5FE-EB13B08CA83D}.Debug|x86.Build.0 = Debug|x86
		{636E8D24-582D-4687-B5FE-EB13B08CA83D}.Release|Any CPU.ActiveCfg = Release|Any CPU
		{636E8D24-582D-4687-B5FE-EB13B08CA83D}.Release|Any CPU.Build.0 = Release|Any CPU
		{636E8D24-582D-4687-B5FE-EB13B08CA83D}.Release|ARM.ActiveCfg = Release|Any CPU
		{636E8D24-582D-4687-B5FE-EB13B08CA83D}.Release|ARM.Build.0 = Release|Any CPU
		{636E8D24-582D-4687-B5FE-EB13B08CA83D}.Release|arm64.ActiveCfg = Release|Any CPU
		{636E8D24-582D-4687-B5FE-EB13B08CA83D}.Release|arm64.Build.0 = Release|Any CPU
		{636E8D24-582D-4687-B5FE-EB13B08CA83D}.Release|x64.ActiveCfg = Release|Any CPU
		{636E8D24-582D-4687-B5FE-EB13B08CA83D}.Release|x64.Build.0 = Release|Any CPU
		{636E8D24-582D-4687-B5FE-EB13B08CA83D}.Release|x86.ActiveCfg = Release|Any CPU
		{636E8D24-582D-4687-B5FE-EB13B08CA83D}.Release|x86.Build.0 = Release|Any CPU
		{6C33A484-CCEA-4E16-9114-024B5314CC48}.Debug|Any CPU.ActiveCfg = Debug|Any CPU
		{6C33A484-CCEA-4E16-9114-024B5314CC48}.Debug|Any CPU.Build.0 = Debug|Any CPU
		{6C33A484-CCEA-4E16-9114-024B5314CC48}.Debug|Any CPU.Deploy.0 = Debug|Any CPU
		{6C33A484-CCEA-4E16-9114-024B5314CC48}.Debug|ARM.ActiveCfg = Debug|ARM
		{6C33A484-CCEA-4E16-9114-024B5314CC48}.Debug|ARM.Build.0 = Debug|ARM
		{6C33A484-CCEA-4E16-9114-024B5314CC48}.Debug|ARM.Deploy.0 = Debug|ARM
		{6C33A484-CCEA-4E16-9114-024B5314CC48}.Debug|arm64.ActiveCfg = Debug|ARM64
		{6C33A484-CCEA-4E16-9114-024B5314CC48}.Debug|arm64.Build.0 = Debug|ARM64
		{6C33A484-CCEA-4E16-9114-024B5314CC48}.Debug|arm64.Deploy.0 = Debug|ARM64
		{6C33A484-CCEA-4E16-9114-024B5314CC48}.Debug|x64.ActiveCfg = Debug|x64
		{6C33A484-CCEA-4E16-9114-024B5314CC48}.Debug|x64.Build.0 = Debug|x64
		{6C33A484-CCEA-4E16-9114-024B5314CC48}.Debug|x64.Deploy.0 = Debug|x64
		{6C33A484-CCEA-4E16-9114-024B5314CC48}.Debug|x86.ActiveCfg = Debug|x86
		{6C33A484-CCEA-4E16-9114-024B5314CC48}.Debug|x86.Build.0 = Debug|x86
		{6C33A484-CCEA-4E16-9114-024B5314CC48}.Debug|x86.Deploy.0 = Debug|x86
		{6C33A484-CCEA-4E16-9114-024B5314CC48}.Release|Any CPU.ActiveCfg = Release|Any CPU
		{6C33A484-CCEA-4E16-9114-024B5314CC48}.Release|Any CPU.Build.0 = Release|Any CPU
		{6C33A484-CCEA-4E16-9114-024B5314CC48}.Release|Any CPU.Deploy.0 = Release|Any CPU
		{6C33A484-CCEA-4E16-9114-024B5314CC48}.Release|ARM.ActiveCfg = Release|ARM
		{6C33A484-CCEA-4E16-9114-024B5314CC48}.Release|ARM.Build.0 = Release|ARM
		{6C33A484-CCEA-4E16-9114-024B5314CC48}.Release|ARM.Deploy.0 = Release|ARM
		{6C33A484-CCEA-4E16-9114-024B5314CC48}.Release|arm64.ActiveCfg = Release|ARM64
		{6C33A484-CCEA-4E16-9114-024B5314CC48}.Release|arm64.Build.0 = Release|ARM64
		{6C33A484-CCEA-4E16-9114-024B5314CC48}.Release|arm64.Deploy.0 = Release|ARM64
		{6C33A484-CCEA-4E16-9114-024B5314CC48}.Release|x64.ActiveCfg = Release|x64
		{6C33A484-CCEA-4E16-9114-024B5314CC48}.Release|x64.Build.0 = Release|x64
		{6C33A484-CCEA-4E16-9114-024B5314CC48}.Release|x64.Deploy.0 = Release|x64
		{6C33A484-CCEA-4E16-9114-024B5314CC48}.Release|x86.ActiveCfg = Release|x86
		{6C33A484-CCEA-4E16-9114-024B5314CC48}.Release|x86.Build.0 = Release|x86
		{6C33A484-CCEA-4E16-9114-024B5314CC48}.Release|x86.Deploy.0 = Release|x86
	EndGlobalSection
	GlobalSection(SolutionProperties) = preSolution
		HideSolutionNode = FALSE
	EndGlobalSection
	GlobalSection(ExtensibilityGlobals) = postSolution
		SolutionGuid = {146879D2-B9D7-4664-BD28-BF08C8D8CA18}
	EndGlobalSection
EndGlobal
